
Microsoft Visual Studio Solution File, Format Version 12.00
# Visual Studio Version 16
VisualStudioVersion = 16.0.29806.167
MinimumVisualStudioVersion = 10.0.40219.1
Project("{FAE04EC0-301F-11D3-BF4B-00C04F79EFBC}") = "ArchivosCSV1", "ArchivosCSV1\ArchivosCSV1.csproj", "{4942FB70-0444-4B37-963D-299EBED97209}"
EndProject
Global
	GlobalSection(SolutionConfigurationPlatforms) = preSolution
		Debug|Any CPU = Debug|Any CPU
		Release|Any CPU = Release|Any CPU
	EndGlobalSection
	GlobalSection(ProjectConfigurationPlatforms) = postSolution
		{4942FB70-0444-4B37-963D-299EBED97209}.Debug|Any CPU.ActiveCfg = Debug|Any CPU
		{4942FB70-0444-4B37-963D-299EBED97209}.Debug|Any CPU.Build.0 = Debug|Any CPU
		{4942FB70-0444-4B37-963D-299EBED97209}.Release|Any CPU.ActiveCfg = Release|Any CPU
		{4942FB70-0444-4B37-963D-299EBED97209}.Release|Any CPU.Build.0 = Release|Any CPU
	EndGlobalSection
	GlobalSection(SolutionProperties) = preSolution
		HideSolutionNode = FALSE
	EndGlobalSection
	GlobalSection(ExtensibilityGlobals) = postSolution
		SolutionGuid = {F3CD24C4-91B1-4E19-A55E-EF9D007EAAF6}
	EndGlobalSection
EndGlobal
